// !$*UTF8*$!
{
	archiveVersion = 1;
	classes = {
	};
	objectVersion = 56;
	objects = {

/* Begin PBXBuildFile section */
		C05610492A5C78CA007FB970 /* DevAcademyApp.swift in Sources */ = {isa = PBXBuildFile; fileRef = C05610482A5C78CA007FB970 /* DevAcademyApp.swift */; };
		C056104B2A5C78CA007FB970 /* ContentView.swift in Sources */ = {isa = PBXBuildFile; fileRef = C056104A2A5C78CA007FB970 /* ContentView.swift */; };
		C056104D2A5C78CB007FB970 /* Assets.xcassets in Resources */ = {isa = PBXBuildFile; fileRef = C056104C2A5C78CB007FB970 /* Assets.xcassets */; };
		C05610502A5C78CB007FB970 /* Preview Assets.xcassets in Resources */ = {isa = PBXBuildFile; fileRef = C056104F2A5C78CB007FB970 /* Preview Assets.xcassets */; };
		C8CACDB62A66C81500FCA180 /* Kind.swift in Sources */ = {isa = PBXBuildFile; fileRef = C8CACDB52A66C81500FCA180 /* Kind.swift */; };
		C8CACDB82A66C92200FCA180 /* PossibleKind.swift in Sources */ = {isa = PBXBuildFile; fileRef = C8CACDB72A66C92200FCA180 /* PossibleKind.swift */; };
		C8CACDBA2A66CC8400FCA180 /* Properties.swift in Sources */ = {isa = PBXBuildFile; fileRef = C8CACDB92A66CC8400FCA180 /* Properties.swift */; };
		C8CACDBC2A66CDF200FCA180 /* Point.swift in Sources */ = {isa = PBXBuildFile; fileRef = C8CACDBB2A66CDF200FCA180 /* Point.swift */; };
		C8CACDBE2A66D07400FCA180 /* Features.swift in Sources */ = {isa = PBXBuildFile; fileRef = C8CACDBD2A66D07400FCA180 /* Features.swift */; };
		C8CACDC02A66D0F700FCA180 /* DataService.swift in Sources */ = {isa = PBXBuildFile; fileRef = C8CACDBF2A66D0F700FCA180 /* DataService.swift */; };
		C8CACDC22A66D29100FCA180 /* Feature.swift in Sources */ = {isa = PBXBuildFile; fileRef = C8CACDC12A66D29100FCA180 /* Feature.swift */; };
		C8CACDC82A70034200FCA180 /* PlacesScene.swift in Sources */ = {isa = PBXBuildFile; fileRef = C8CACDC72A70034200FCA180 /* PlacesScene.swift */; };
		C8CACDCA2A7004D100FCA180 /* PlacesRow.swift in Sources */ = {isa = PBXBuildFile; fileRef = C8CACDC92A7004D100FCA180 /* PlacesRow.swift */; };
		C8CACDCC2A7933B800FCA180 /* PlaceDetail.swift in Sources */ = {isa = PBXBuildFile; fileRef = C8CACDCB2A7933B800FCA180 /* PlaceDetail.swift */; };
		C8CACDCF2A793E5800FCA180 /* ActivityIndicatorView in Frameworks */ = {isa = PBXBuildFile; productRef = C8CACDCE2A793E5800FCA180 /* ActivityIndicatorView */; };
		C8CACDD12A8274CA00FCA180 /* PlacesSceneState.swift in Sources */ = {isa = PBXBuildFile; fileRef = C8CACDD02A8274CA00FCA180 /* PlacesSceneState.swift */; };
		C8CACDD32A82782700FCA180 /* PlacesRowState.swift in Sources */ = {isa = PBXBuildFile; fileRef = C8CACDD22A82782700FCA180 /* PlacesRowState.swift */; };
		C8CACDD52A8279B300FCA180 /* PlacesDetailState.swift in Sources */ = {isa = PBXBuildFile; fileRef = C8CACDD42A8279B300FCA180 /* PlacesDetailState.swift */; };
		C8CACDD92A827D7C00FCA180 /* PlacesObservableObject.swift in Sources */ = {isa = PBXBuildFile; fileRef = C8CACDD82A827D7C00FCA180 /* PlacesObservableObject.swift */; };
		C8CACDDB2A8282E600FCA180 /* Coordinator.swift in Sources */ = {isa = PBXBuildFile; fileRef = C8CACDDA2A8282E600FCA180 /* Coordinator.swift */; };
		C8CACDDD2A83C1B100FCA180 /* Environment.swift in Sources */ = {isa = PBXBuildFile; fileRef = C8CACDDC2A83C1B100FCA180 /* Environment.swift */; };
		C8CACDE02A83CF3B00FCA180 /* ObservableObjects.swift in Sources */ = {isa = PBXBuildFile; fileRef = C8CACDDF2A83CF3B00FCA180 /* ObservableObjects.swift */; };
		C8CACDE22A83CF9B00FCA180 /* Services.swift in Sources */ = {isa = PBXBuildFile; fileRef = C8CACDE12A83CF9B00FCA180 /* Services.swift */; };
		C8CACDE42A8BB6F900FCA180 /* PlacesService.swift in Sources */ = {isa = PBXBuildFile; fileRef = C8CACDE32A8BB6F900FCA180 /* PlacesService.swift */; };
/* End PBXBuildFile section */

/* Begin PBXFileReference section */
		C05610452A5C78CA007FB970 /* DevAcademy.app */ = {isa = PBXFileReference; explicitFileType = wrapper.application; includeInIndex = 0; path = DevAcademy.app; sourceTree = BUILT_PRODUCTS_DIR; };
		C05610482A5C78CA007FB970 /* DevAcademyApp.swift */ = {isa = PBXFileReference; lastKnownFileType = sourcecode.swift; path = DevAcademyApp.swift; sourceTree = "<group>"; };
		C056104A2A5C78CA007FB970 /* ContentView.swift */ = {isa = PBXFileReference; lastKnownFileType = sourcecode.swift; path = ContentView.swift; sourceTree = "<group>"; };
		C056104C2A5C78CB007FB970 /* Assets.xcassets */ = {isa = PBXFileReference; lastKnownFileType = folder.assetcatalog; path = Assets.xcassets; sourceTree = "<group>"; };
		C056104F2A5C78CB007FB970 /* Preview Assets.xcassets */ = {isa = PBXFileReference; lastKnownFileType = folder.assetcatalog; path = "Preview Assets.xcassets"; sourceTree = "<group>"; };
		C8CACDB52A66C81500FCA180 /* Kind.swift */ = {isa = PBXFileReference; lastKnownFileType = sourcecode.swift; path = Kind.swift; sourceTree = "<group>"; };
		C8CACDB72A66C92200FCA180 /* PossibleKind.swift */ = {isa = PBXFileReference; lastKnownFileType = sourcecode.swift; path = PossibleKind.swift; sourceTree = "<group>"; };
		C8CACDB92A66CC8400FCA180 /* Properties.swift */ = {isa = PBXFileReference; lastKnownFileType = sourcecode.swift; path = Properties.swift; sourceTree = "<group>"; };
		C8CACDBB2A66CDF200FCA180 /* Point.swift */ = {isa = PBXFileReference; lastKnownFileType = sourcecode.swift; path = Point.swift; sourceTree = "<group>"; };
		C8CACDBD2A66D07400FCA180 /* Features.swift */ = {isa = PBXFileReference; lastKnownFileType = sourcecode.swift; path = Features.swift; sourceTree = "<group>"; };
		C8CACDBF2A66D0F700FCA180 /* DataService.swift */ = {isa = PBXFileReference; lastKnownFileType = sourcecode.swift; path = DataService.swift; sourceTree = "<group>"; };
		C8CACDC12A66D29100FCA180 /* Feature.swift */ = {isa = PBXFileReference; lastKnownFileType = sourcecode.swift; path = Feature.swift; sourceTree = "<group>"; };
		C8CACDC72A70034200FCA180 /* PlacesScene.swift */ = {isa = PBXFileReference; lastKnownFileType = sourcecode.swift; path = PlacesScene.swift; sourceTree = "<group>"; };
		C8CACDC92A7004D100FCA180 /* PlacesRow.swift */ = {isa = PBXFileReference; lastKnownFileType = sourcecode.swift; path = PlacesRow.swift; sourceTree = "<group>"; };
		C8CACDCB2A7933B800FCA180 /* PlaceDetail.swift */ = {isa = PBXFileReference; lastKnownFileType = sourcecode.swift; path = PlaceDetail.swift; sourceTree = "<group>"; };
		C8CACDD02A8274CA00FCA180 /* PlacesSceneState.swift */ = {isa = PBXFileReference; lastKnownFileType = sourcecode.swift; path = PlacesSceneState.swift; sourceTree = "<group>"; };
		C8CACDD22A82782700FCA180 /* PlacesRowState.swift */ = {isa = PBXFileReference; lastKnownFileType = sourcecode.swift; path = PlacesRowState.swift; sourceTree = "<group>"; };
		C8CACDD42A8279B300FCA180 /* PlacesDetailState.swift */ = {isa = PBXFileReference; lastKnownFileType = sourcecode.swift; path = PlacesDetailState.swift; sourceTree = "<group>"; };
		C8CACDD82A827D7C00FCA180 /* PlacesObservableObject.swift */ = {isa = PBXFileReference; lastKnownFileType = sourcecode.swift; path = PlacesObservableObject.swift; sourceTree = "<group>"; };
		C8CACDDA2A8282E600FCA180 /* Coordinator.swift */ = {isa = PBXFileReference; lastKnownFileType = sourcecode.swift; path = Coordinator.swift; sourceTree = "<group>"; };
		C8CACDDC2A83C1B100FCA180 /* Environment.swift */ = {isa = PBXFileReference; lastKnownFileType = sourcecode.swift; path = Environment.swift; sourceTree = "<group>"; };
		C8CACDDF2A83CF3B00FCA180 /* ObservableObjects.swift */ = {isa = PBXFileReference; lastKnownFileType = sourcecode.swift; path = ObservableObjects.swift; sourceTree = "<group>"; };
		C8CACDE12A83CF9B00FCA180 /* Services.swift */ = {isa = PBXFileReference; lastKnownFileType = sourcecode.swift; path = Services.swift; sourceTree = "<group>"; };
		C8CACDE32A8BB6F900FCA180 /* PlacesService.swift */ = {isa = PBXFileReference; lastKnownFileType = sourcecode.swift; path = PlacesService.swift; sourceTree = "<group>"; };
/* End PBXFileReference section */

/* Begin PBXFrameworksBuildPhase section */
		C05610422A5C78CA007FB970 /* Frameworks */ = {
			isa = PBXFrameworksBuildPhase;
			buildActionMask = 2147483647;
			files = (
				C8CACDCF2A793E5800FCA180 /* ActivityIndicatorView in Frameworks */,
			);
			runOnlyForDeploymentPostprocessing = 0;
		};
/* End PBXFrameworksBuildPhase section */

/* Begin PBXGroup section */
		C056103C2A5C78CA007FB970 = {
			isa = PBXGroup;
			children = (
				C05610472A5C78CA007FB970 /* DevAcademy */,
				C05610462A5C78CA007FB970 /* Products */,
			);
			sourceTree = "<group>";
		};
		C05610462A5C78CA007FB970 /* Products */ = {
			isa = PBXGroup;
			children = (
				C05610452A5C78CA007FB970 /* DevAcademy.app */,
			);
			name = Products;
			sourceTree = "<group>";
		};
		C05610472A5C78CA007FB970 /* DevAcademy */ = {
			isa = PBXGroup;
			children = (
				C8CACDD72A827CE600FCA180 /* Environment */,
				C8CACDC52A70003E00FCA180 /* Services */,
				C8CACDC42A70002C00FCA180 /* Model */,
				C8CACDC32A70001A00FCA180 /* Scenes */,
				C05610482A5C78CA007FB970 /* DevAcademyApp.swift */,
				C056104A2A5C78CA007FB970 /* ContentView.swift */,
				C056104C2A5C78CB007FB970 /* Assets.xcassets */,
				C056104E2A5C78CB007FB970 /* Preview Content */,
			);
			path = DevAcademy;
			sourceTree = "<group>";
		};
		C056104E2A5C78CB007FB970 /* Preview Content */ = {
			isa = PBXGroup;
			children = (
				C056104F2A5C78CB007FB970 /* Preview Assets.xcassets */,
			);
			path = "Preview Content";
			sourceTree = "<group>";
		};
		C8CACDC32A70001A00FCA180 /* Scenes */ = {
			isa = PBXGroup;
			children = (
				C8CACDD62A827A7900FCA180 /* PlaceDetail */,
				C8CACDC62A70028400FCA180 /* Places */,
			);
			path = Scenes;
			sourceTree = "<group>";
		};
		C8CACDC42A70002C00FCA180 /* Model */ = {
			isa = PBXGroup;
			children = (
				C8CACDC12A66D29100FCA180 /* Feature.swift */,
				C8CACDBD2A66D07400FCA180 /* Features.swift */,
				C8CACDB52A66C81500FCA180 /* Kind.swift */,
				C8CACDBB2A66CDF200FCA180 /* Point.swift */,
				C8CACDB92A66CC8400FCA180 /* Properties.swift */,
				C8CACDB72A66C92200FCA180 /* PossibleKind.swift */,
			);
			path = Model;
			sourceTree = "<group>";
		};
		C8CACDC52A70003E00FCA180 /* Services */ = {
			isa = PBXGroup;
			children = (
				C8CACDBF2A66D0F700FCA180 /* DataService.swift */,
				C8CACDE12A83CF9B00FCA180 /* Services.swift */,
				C8CACDE32A8BB6F900FCA180 /* PlacesService.swift */,
			);
			path = Services;
			sourceTree = "<group>";
		};
		C8CACDC62A70028400FCA180 /* Places */ = {
			isa = PBXGroup;
			children = (
				C8CACDC72A70034200FCA180 /* PlacesScene.swift */,
				C8CACDC92A7004D100FCA180 /* PlacesRow.swift */,
				C8CACDD02A8274CA00FCA180 /* PlacesSceneState.swift */,
				C8CACDD22A82782700FCA180 /* PlacesRowState.swift */,
			);
			path = Places;
			sourceTree = "<group>";
		};
		C8CACDD62A827A7900FCA180 /* PlaceDetail */ = {
			isa = PBXGroup;
			children = (
				C8CACDCB2A7933B800FCA180 /* PlaceDetail.swift */,
				C8CACDD42A8279B300FCA180 /* PlacesDetailState.swift */,
			);
			path = PlaceDetail;
			sourceTree = "<group>";
		};
		C8CACDD72A827CE600FCA180 /* Environment */ = {
			isa = PBXGroup;
			children = (
				C8CACDDE2A83CF1400FCA180 /* ObservableObjects */,
				C8CACDDA2A8282E600FCA180 /* Coordinator.swift */,
				C8CACDDC2A83C1B100FCA180 /* Environment.swift */,
				C8CACDDF2A83CF3B00FCA180 /* ObservableObjects.swift */,
			);
			path = Environment;
			sourceTree = "<group>";
		};
		C8CACDDE2A83CF1400FCA180 /* ObservableObjects */ = {
			isa = PBXGroup;
			children = (
				C8CACDD82A827D7C00FCA180 /* PlacesObservableObject.swift */,
			);
			path = ObservableObjects;
			sourceTree = "<group>";
		};
/* End PBXGroup section */

/* Begin PBXNativeTarget section */
		C05610442A5C78CA007FB970 /* DevAcademy */ = {
			isa = PBXNativeTarget;
			buildConfigurationList = C05610532A5C78CB007FB970 /* Build configuration list for PBXNativeTarget "DevAcademy" */;
			buildPhases = (
				C05610412A5C78CA007FB970 /* Sources */,
				C05610422A5C78CA007FB970 /* Frameworks */,
				C05610432A5C78CA007FB970 /* Resources */,
			);
			buildRules = (
			);
			dependencies = (
			);
			name = DevAcademy;
			packageProductDependencies = (
				C8CACDCE2A793E5800FCA180 /* ActivityIndicatorView */,
			);
			productName = DevAcademy;
			productReference = C05610452A5C78CA007FB970 /* DevAcademy.app */;
			productType = "com.apple.product-type.application";
		};
/* End PBXNativeTarget section */

/* Begin PBXProject section */
		C056103D2A5C78CA007FB970 /* Project object */ = {
			isa = PBXProject;
			attributes = {
				BuildIndependentTargetsInParallel = 1;
				LastSwiftUpdateCheck = 1430;
				LastUpgradeCheck = 1430;
				TargetAttributes = {
					C05610442A5C78CA007FB970 = {
						CreatedOnToolsVersion = 14.3.1;
					};
				};
			};
			buildConfigurationList = C05610402A5C78CA007FB970 /* Build configuration list for PBXProject "DevAcademy" */;
			compatibilityVersion = "Xcode 14.0";
			developmentRegion = en;
			hasScannedForEncodings = 0;
			knownRegions = (
				en,
				Base,
			);
			mainGroup = C056103C2A5C78CA007FB970;
			packageReferences = (
				C8CACDCD2A793E5800FCA180 /* XCRemoteSwiftPackageReference "ActivityIndicatorView" */,
			);
			productRefGroup = C05610462A5C78CA007FB970 /* Products */;
			projectDirPath = "";
			projectRoot = "";
			targets = (
				C05610442A5C78CA007FB970 /* DevAcademy */,
			);
		};
/* End PBXProject section */

/* Begin PBXResourcesBuildPhase section */
		C05610432A5C78CA007FB970 /* Resources */ = {
			isa = PBXResourcesBuildPhase;
			buildActionMask = 2147483647;
			files = (
				C05610502A5C78CB007FB970 /* Preview Assets.xcassets in Resources */,
				C056104D2A5C78CB007FB970 /* Assets.xcassets in Resources */,
			);
			runOnlyForDeploymentPostprocessing = 0;
		};
/* End PBXResourcesBuildPhase section */

/* Begin PBXSourcesBuildPhase section */
		C05610412A5C78CA007FB970 /* Sources */ = {
			isa = PBXSourcesBuildPhase;
			buildActionMask = 2147483647;
			files = (
				C8CACDE42A8BB6F900FCA180 /* PlacesService.swift in Sources */,
				C8CACDCC2A7933B800FCA180 /* PlaceDetail.swift in Sources */,
				C8CACDB82A66C92200FCA180 /* PossibleKind.swift in Sources */,
				C8CACDBE2A66D07400FCA180 /* Features.swift in Sources */,
				C056104B2A5C78CA007FB970 /* ContentView.swift in Sources */,
				C8CACDBC2A66CDF200FCA180 /* Point.swift in Sources */,
				C8CACDE22A83CF9B00FCA180 /* Services.swift in Sources */,
				C8CACDCA2A7004D100FCA180 /* PlacesRow.swift in Sources */,
				C05610492A5C78CA007FB970 /* DevAcademyApp.swift in Sources */,
				C8CACDD12A8274CA00FCA180 /* PlacesSceneState.swift in Sources */,
				C8CACDD32A82782700FCA180 /* PlacesRowState.swift in Sources */,
				C8CACDC82A70034200FCA180 /* PlacesScene.swift in Sources */,
				C8CACDDB2A8282E600FCA180 /* Coordinator.swift in Sources */,
				C8CACDBA2A66CC8400FCA180 /* Properties.swift in Sources */,
				C8CACDD92A827D7C00FCA180 /* PlacesObservableObject.swift in Sources */,
				C8CACDDD2A83C1B100FCA180 /* Environment.swift in Sources */,
				C8CACDE02A83CF3B00FCA180 /* ObservableObjects.swift in Sources */,
				C8CACDC22A66D29100FCA180 /* Feature.swift in Sources */,
				C8CACDB62A66C81500FCA180 /* Kind.swift in Sources */,
				C8CACDD52A8279B300FCA180 /* PlacesDetailState.swift in Sources */,
				C8CACDC02A66D0F700FCA180 /* DataService.swift in Sources */,
			);
			runOnlyForDeploymentPostprocessing = 0;
		};
/* End PBXSourcesBuildPhase section */

/* Begin XCBuildConfiguration section */
		C05610512A5C78CB007FB970 /* Debug */ = {
			isa = XCBuildConfiguration;
			buildSettings = {
				ALWAYS_SEARCH_USER_PATHS = NO;
				CLANG_ANALYZER_NONNULL = YES;
				CLANG_ANALYZER_NUMBER_OBJECT_CONVERSION = YES_AGGRESSIVE;
				CLANG_CXX_LANGUAGE_STANDARD = "gnu++20";
				CLANG_ENABLE_MODULES = YES;
				CLANG_ENABLE_OBJC_ARC = YES;
				CLANG_ENABLE_OBJC_WEAK = YES;
				CLANG_WARN_BLOCK_CAPTURE_AUTORELEASING = YES;
				CLANG_WARN_BOOL_CONVERSION = YES;
				CLANG_WARN_COMMA = YES;
				CLANG_WARN_CONSTANT_CONVERSION = YES;
				CLANG_WARN_DEPRECATED_OBJC_IMPLEMENTATIONS = YES;
				CLANG_WARN_DIRECT_OBJC_ISA_USAGE = YES_ERROR;
				CLANG_WARN_DOCUMENTATION_COMMENTS = YES;
				CLANG_WARN_EMPTY_BODY = YES;
				CLANG_WARN_ENUM_CONVERSION = YES;
				CLANG_WARN_INFINITE_RECURSION = YES;
				CLANG_WARN_INT_CONVERSION = YES;
				CLANG_WARN_NON_LITERAL_NULL_CONVERSION = YES;
				CLANG_WARN_OBJC_IMPLICIT_RETAIN_SELF = YES;
				CLANG_WARN_OBJC_LITERAL_CONVERSION = YES;
				CLANG_WARN_OBJC_ROOT_CLASS = YES_ERROR;
				CLANG_WARN_QUOTED_INCLUDE_IN_FRAMEWORK_HEADER = YES;
				CLANG_WARN_RANGE_LOOP_ANALYSIS = YES;
				CLANG_WARN_STRICT_PROTOTYPES = YES;
				CLANG_WARN_SUSPICIOUS_MOVE = YES;
				CLANG_WARN_UNGUARDED_AVAILABILITY = YES_AGGRESSIVE;
				CLANG_WARN_UNREACHABLE_CODE = YES;
				CLANG_WARN__DUPLICATE_METHOD_MATCH = YES;
				COPY_PHASE_STRIP = NO;
				DEBUG_INFORMATION_FORMAT = dwarf;
				ENABLE_STRICT_OBJC_MSGSEND = YES;
				ENABLE_TESTABILITY = YES;
				GCC_C_LANGUAGE_STANDARD = gnu11;
				GCC_DYNAMIC_NO_PIC = NO;
				GCC_NO_COMMON_BLOCKS = YES;
				GCC_OPTIMIZATION_LEVEL = 0;
				GCC_PREPROCESSOR_DEFINITIONS = (
					"DEBUG=1",
					"$(inherited)",
				);
				GCC_WARN_64_TO_32_BIT_CONVERSION = YES;
				GCC_WARN_ABOUT_RETURN_TYPE = YES_ERROR;
				GCC_WARN_UNDECLARED_SELECTOR = YES;
				GCC_WARN_UNINITIALIZED_AUTOS = YES_AGGRESSIVE;
				GCC_WARN_UNUSED_FUNCTION = YES;
				GCC_WARN_UNUSED_VARIABLE = YES;
				IPHONEOS_DEPLOYMENT_TARGET = 16.0;
				MTL_ENABLE_DEBUG_INFO = INCLUDE_SOURCE;
				MTL_FAST_MATH = YES;
				ONLY_ACTIVE_ARCH = YES;
				SDKROOT = iphoneos;
				SWIFT_ACTIVE_COMPILATION_CONDITIONS = DEBUG;
				SWIFT_OPTIMIZATION_LEVEL = "-Onone";
			};
			name = Debug;
		};
		C05610522A5C78CB007FB970 /* Release */ = {
			isa = XCBuildConfiguration;
			buildSettings = {
				ALWAYS_SEARCH_USER_PATHS = NO;
				CLANG_ANALYZER_NONNULL = YES;
				CLANG_ANALYZER_NUMBER_OBJECT_CONVERSION = YES_AGGRESSIVE;
				CLANG_CXX_LANGUAGE_STANDARD = "gnu++20";
				CLANG_ENABLE_MODULES = YES;
				CLANG_ENABLE_OBJC_ARC = YES;
				CLANG_ENABLE_OBJC_WEAK = YES;
				CLANG_WARN_BLOCK_CAPTURE_AUTORELEASING = YES;
				CLANG_WARN_BOOL_CONVERSION = YES;
				CLANG_WARN_COMMA = YES;
				CLANG_WARN_CONSTANT_CONVERSION = YES;
				CLANG_WARN_DEPRECATED_OBJC_IMPLEMENTATIONS = YES;
				CLANG_WARN_DIRECT_OBJC_ISA_USAGE = YES_ERROR;
				CLANG_WARN_DOCUMENTATION_COMMENTS = YES;
				CLANG_WARN_EMPTY_BODY = YES;
				CLANG_WARN_ENUM_CONVERSION = YES;
				CLANG_WARN_INFINITE_RECURSION = YES;
				CLANG_WARN_INT_CONVERSION = YES;
				CLANG_WARN_NON_LITERAL_NULL_CONVERSION = YES;
				CLANG_WARN_OBJC_IMPLICIT_RETAIN_SELF = YES;
				CLANG_WARN_OBJC_LITERAL_CONVERSION = YES;
				CLANG_WARN_OBJC_ROOT_CLASS = YES_ERROR;
				CLANG_WARN_QUOTED_INCLUDE_IN_FRAMEWORK_HEADER = YES;
				CLANG_WARN_RANGE_LOOP_ANALYSIS = YES;
				CLANG_WARN_STRICT_PROTOTYPES = YES;
				CLANG_WARN_SUSPICIOUS_MOVE = YES;
				CLANG_WARN_UNGUARDED_AVAILABILITY = YES_AGGRESSIVE;
				CLANG_WARN_UNREACHABLE_CODE = YES;
				CLANG_WARN__DUPLICATE_METHOD_MATCH = YES;
				COPY_PHASE_STRIP = NO;
				DEBUG_INFORMATION_FORMAT = "dwarf-with-dsym";
				ENABLE_NS_ASSERTIONS = NO;
				ENABLE_STRICT_OBJC_MSGSEND = YES;
				GCC_C_LANGUAGE_STANDARD = gnu11;
				GCC_NO_COMMON_BLOCKS = YES;
				GCC_WARN_64_TO_32_BIT_CONVERSION = YES;
				GCC_WARN_ABOUT_RETURN_TYPE = YES_ERROR;
				GCC_WARN_UNDECLARED_SELECTOR = YES;
				GCC_WARN_UNINITIALIZED_AUTOS = YES_AGGRESSIVE;
				GCC_WARN_UNUSED_FUNCTION = YES;
				GCC_WARN_UNUSED_VARIABLE = YES;
				IPHONEOS_DEPLOYMENT_TARGET = 16.0;
				MTL_ENABLE_DEBUG_INFO = NO;
				MTL_FAST_MATH = YES;
				SDKROOT = iphoneos;
				SWIFT_COMPILATION_MODE = wholemodule;
				SWIFT_OPTIMIZATION_LEVEL = "-O";
				VALIDATE_PRODUCT = YES;
			};
			name = Release;
		};
		C05610542A5C78CB007FB970 /* Debug */ = {
			isa = XCBuildConfiguration;
			buildSettings = {
				ASSETCATALOG_COMPILER_APPICON_NAME = AppIcon;
				ASSETCATALOG_COMPILER_GLOBAL_ACCENT_COLOR_NAME = AccentColor;
				CODE_SIGN_STYLE = Automatic;
				CURRENT_PROJECT_VERSION = 1;
				DEVELOPMENT_ASSET_PATHS = "\"DevAcademy/Preview Content\"";
				ENABLE_PREVIEWS = YES;
				GENERATE_INFOPLIST_FILE = YES;
				INFOPLIST_KEY_UIApplicationSceneManifest_Generation = YES;
				INFOPLIST_KEY_UIApplicationSupportsIndirectInputEvents = YES;
				INFOPLIST_KEY_UILaunchScreen_Generation = YES;
				INFOPLIST_KEY_UISupportedInterfaceOrientations_iPad = "UIInterfaceOrientationPortrait UIInterfaceOrientationPortraitUpsideDown UIInterfaceOrientationLandscapeLeft UIInterfaceOrientationLandscapeRight";
				INFOPLIST_KEY_UISupportedInterfaceOrientations_iPhone = "UIInterfaceOrientationPortrait UIInterfaceOrientationLandscapeLeft UIInterfaceOrientationLandscapeRight";
				IPHONEOS_DEPLOYMENT_TARGET = 16.0;
				LD_RUNPATH_SEARCH_PATHS = (
					"$(inherited)",
					"@executable_path/Frameworks",
				);
				MARKETING_VERSION = 1.0;
				PRODUCT_BUNDLE_IDENTIFIER = app.futured.DevAcademy;
				PRODUCT_NAME = "$(TARGET_NAME)";
				SWIFT_EMIT_LOC_STRINGS = YES;
				SWIFT_VERSION = 5.0;
				TARGETED_DEVICE_FAMILY = "1,2";
			};
			name = Debug;
		};
		C05610552A5C78CB007FB970 /* Release */ = {
			isa = XCBuildConfiguration;
			buildSettings = {
				ASSETCATALOG_COMPILER_APPICON_NAME = AppIcon;
				ASSETCATALOG_COMPILER_GLOBAL_ACCENT_COLOR_NAME = AccentColor;
				CODE_SIGN_STYLE = Automatic;
				CURRENT_PROJECT_VERSION = 1;
				DEVELOPMENT_ASSET_PATHS = "\"DevAcademy/Preview Content\"";
				ENABLE_PREVIEWS = YES;
				GENERATE_INFOPLIST_FILE = YES;
				INFOPLIST_KEY_UIApplicationSceneManifest_Generation = YES;
				INFOPLIST_KEY_UIApplicationSupportsIndirectInputEvents = YES;
				INFOPLIST_KEY_UILaunchScreen_Generation = YES;
				INFOPLIST_KEY_UISupportedInterfaceOrientations_iPad = "UIInterfaceOrientationPortrait UIInterfaceOrientationPortraitUpsideDown UIInterfaceOrientationLandscapeLeft UIInterfaceOrientationLandscapeRight";
				INFOPLIST_KEY_UISupportedInterfaceOrientations_iPhone = "UIInterfaceOrientationPortrait UIInterfaceOrientationLandscapeLeft UIInterfaceOrientationLandscapeRight";
				IPHONEOS_DEPLOYMENT_TARGET = 16.0;
				LD_RUNPATH_SEARCH_PATHS = (
					"$(inherited)",
					"@executable_path/Frameworks",
				);
				MARKETING_VERSION = 1.0;
				PRODUCT_BUNDLE_IDENTIFIER = app.futured.DevAcademy;
				PRODUCT_NAME = "$(TARGET_NAME)";
				SWIFT_EMIT_LOC_STRINGS = YES;
				SWIFT_VERSION = 5.0;
				TARGETED_DEVICE_FAMILY = "1,2";
			};
			name = Release;
		};
/* End XCBuildConfiguration section */

/* Begin XCConfigurationList section */
		C05610402A5C78CA007FB970 /* Build configuration list for PBXProject "DevAcademy" */ = {
			isa = XCConfigurationList;
			buildConfigurations = (
				C05610512A5C78CB007FB970 /* Debug */,
				C05610522A5C78CB007FB970 /* Release */,
			);
			defaultConfigurationIsVisible = 0;
			defaultConfigurationName = Release;
		};
		C05610532A5C78CB007FB970 /* Build configuration list for PBXNativeTarget "DevAcademy" */ = {
			isa = XCConfigurationList;
			buildConfigurations = (
				C05610542A5C78CB007FB970 /* Debug */,
				C05610552A5C78CB007FB970 /* Release */,
			);
			defaultConfigurationIsVisible = 0;
			defaultConfigurationName = Release;
		};
/* End XCConfigurationList section */

/* Begin XCRemoteSwiftPackageReference section */
		C8CACDCD2A793E5800FCA180 /* XCRemoteSwiftPackageReference "ActivityIndicatorView" */ = {
			isa = XCRemoteSwiftPackageReference;
			repositoryURL = "https://github.com/exyte/ActivityIndicatorView.git";
			requirement = {
				kind = upToNextMajorVersion;
				minimumVersion = 1.0.0;
			};
		};
/* End XCRemoteSwiftPackageReference section */

/* Begin XCSwiftPackageProductDependency section */
		C8CACDCE2A793E5800FCA180 /* ActivityIndicatorView */ = {
			isa = XCSwiftPackageProductDependency;
			package = C8CACDCD2A793E5800FCA180 /* XCRemoteSwiftPackageReference "ActivityIndicatorView" */;
			productName = ActivityIndicatorView;
		};
/* End XCSwiftPackageProductDependency section */
	};
	rootObject = C056103D2A5C78CA007FB970 /* Project object */;
}
